
Microsoft Visual Studio Solution File, Format Version 12.00
# Visual Studio 2013
VisualStudioVersion = 12.0.21005.1
MinimumVisualStudioVersion = 10.0.40219.1
Project("{8BC9CEB8-8B4A-11D0-8D11-00A0C91BC942}") = "simulateVM", "simulateVM.vcxproj", "{599864ED-B37A-45BF-9549-A261C9995510}"
EndProject
Project("{8BC9CEB8-8B4A-11D0-8D11-00A0C91BC942}") = "VMCrt", "..\VMCrt\VMCrt.vcxproj", "{0BA1A1AE-F364-4799-BAC9-CE0137F18F68}"
EndProject
Project("{8BC9CEB8-8B4A-11D0-8D11-00A0C91BC942}") = "nxfmt", "..\..\..\..\..\..\Projects\nSafeSuite\ncvm\nxfmt\nxfmt.vcxproj", "{84317E21-DE4D-4D01-8911-FD9DFF8D7703}"
EndProject
Project("{8BC9CEB8-8B4A-11D0-8D11-00A0C91BC942}") = "xHooklib", "..\..\..\..\..\..\Projects\nSafeSuite\xDark\xHooklib\xHooklib.vcxproj", "{5E2D06AC-DC68-4EFB-AAFE-2798F17716ED}"
EndProject
Global
	GlobalSection(SolutionConfigurationPlatforms) = preSolution
		Debug|Win32 = Debug|Win32
		Release|Win32 = Release|Win32
	EndGlobalSection
	GlobalSection(ProjectConfigurationPlatforms) = postSolution
		{599864ED-B37A-45BF-9549-A261C9995510}.Debug|Win32.ActiveCfg = Debug|Win32
		{599864ED-B37A-45BF-9549-A261C9995510}.Debug|Win32.Build.0 = Debug|Win32
		{599864ED-B37A-45BF-9549-A261C9995510}.Release|Win32.ActiveCfg = Release|Win32
		{599864ED-B37A-45BF-9549-A261C9995510}.Release|Win32.Build.0 = Release|Win32
		{0BA1A1AE-F364-4799-BAC9-CE0137F18F68}.Debug|Win32.ActiveCfg = Release|Win32
		{0BA1A1AE-F364-4799-BAC9-CE0137F18F68}.Debug|Win32.Build.0 = Release|Win32
		{0BA1A1AE-F364-4799-BAC9-CE0137F18F68}.Release|Win32.ActiveCfg = Release|Win32
		{0BA1A1AE-F364-4799-BAC9-CE0137F18F68}.Release|Win32.Build.0 = Release|Win32
		{84317E21-DE4D-4D01-8911-FD9DFF8D7703}.Debug|Win32.ActiveCfg = Debug|Win32
		{84317E21-DE4D-4D01-8911-FD9DFF8D7703}.Debug|Win32.Build.0 = Debug|Win32
		{84317E21-DE4D-4D01-8911-FD9DFF8D7703}.Release|Win32.ActiveCfg = Release|Win32
		{84317E21-DE4D-4D01-8911-FD9DFF8D7703}.Release|Win32.Build.0 = Release|Win32
		{5E2D06AC-DC68-4EFB-AAFE-2798F17716ED}.Debug|Win32.ActiveCfg = Debug|Win32
		{5E2D06AC-DC68-4EFB-AAFE-2798F17716ED}.Debug|Win32.Build.0 = Debug|Win32
		{5E2D06AC-DC68-4EFB-AAFE-2798F17716ED}.Release|Win32.ActiveCfg = Release|Win32
		{5E2D06AC-DC68-4EFB-AAFE-2798F17716ED}.Release|Win32.Build.0 = Release|Win32
	EndGlobalSection
	GlobalSection(SolutionProperties) = preSolution
		HideSolutionNode = FALSE
	EndGlobalSection
EndGlobal
